
Microsoft Visual Studio Solution File, Format Version 12.00
# Visual Studio Version 16
VisualStudioVersion = 16.0.30128.74
MinimumVisualStudioVersion = 10.0.40219.1
Project("{FAE04EC0-301F-11D3-BF4B-00C04F79EFBC}") = "calculadoraa,v,p", "calculadoraa,v,p\calculadoraa,v,p.csproj", "{CF10BE4B-63A1-40AA-89AA-DD0F3F771F9E}"
EndProject
Global
	GlobalSection(SolutionConfigurationPlatforms) = preSolution
		Debug|Any CPU = Debug|Any CPU
		Release|Any CPU = Release|Any CPU
	EndGlobalSection
	GlobalSection(ProjectConfigurationPlatforms) = postSolution
		{CF10BE4B-63A1-40AA-89AA-DD0F3F771F9E}.Debug|Any CPU.ActiveCfg = Debug|Any CPU
		{CF10BE4B-63A1-40AA-89AA-DD0F3F771F9E}.Debug|Any CPU.Build.0 = Debug|Any CPU
		{CF10BE4B-63A1-40AA-89AA-DD0F3F771F9E}.Release|Any CPU.ActiveCfg = Release|Any CPU
		{CF10BE4B-63A1-40AA-89AA-DD0F3F771F9E}.Release|Any CPU.Build.0 = Release|Any CPU
	EndGlobalSection
	GlobalSection(SolutionProperties) = preSolution
		HideSolutionNode = FALSE
	EndGlobalSection
	GlobalSection(ExtensibilityGlobals) = postSolution
		SolutionGuid = {3B69B552-559D-4644-B401-DCB9C1E53327}
	EndGlobalSection
EndGlobal
