
Microsoft Visual Studio Solution File, Format Version 12.00
# Visual Studio Version 16
VisualStudioVersion = 16.0.30128.74
MinimumVisualStudioVersion = 10.0.40219.1
Project("{FAE04EC0-301F-11D3-BF4B-00C04F79EFBC}") = "proyecto_web", "proyecto_web\proyecto_web.csproj", "{6FF78C40-B879-4BB3-B361-C3611C088BA5}"
EndProject
Global
	GlobalSection(SolutionConfigurationPlatforms) = preSolution
		Debug|Any CPU = Debug|Any CPU
		Release|Any CPU = Release|Any CPU
	EndGlobalSection
	GlobalSection(ProjectConfigurationPlatforms) = postSolution
		{6FF78C40-B879-4BB3-B361-C3611C088BA5}.Debug|Any CPU.ActiveCfg = Debug|Any CPU
		{6FF78C40-B879-4BB3-B361-C3611C088BA5}.Debug|Any CPU.Build.0 = Debug|Any CPU
		{6FF78C40-B879-4BB3-B361-C3611C088BA5}.Release|Any CPU.ActiveCfg = Release|Any CPU
		{6FF78C40-B879-4BB3-B361-C3611C088BA5}.Release|Any CPU.Build.0 = Release|Any CPU
	EndGlobalSection
	GlobalSection(SolutionProperties) = preSolution
		HideSolutionNode = FALSE
	EndGlobalSection
	GlobalSection(ExtensibilityGlobals) = postSolution
		SolutionGuid = {349BA5FB-5021-47CD-9760-80A6986B60AC}
	EndGlobalSection
EndGlobal
